
Microsoft Visual Studio Solution File, Format Version 12.00
# Visual Studio Version 16
VisualStudioVersion = 16.0.29215.179
MinimumVisualStudioVersion = 10.0.40219.1
Project("{FAE04EC0-301F-11D3-BF4B-00C04F79EFBC}") = "MyPortfolio", "MyPortfolio\MyPortfolio.csproj", "{D1267625-A5BD-4C81-B98D-E6442311E6D5}"
EndProject
Global
	GlobalSection(SolutionConfigurationPlatforms) = preSolution
		Debug|Any CPU = Debug|Any CPU
		Release|Any CPU = Release|Any CPU
	EndGlobalSection
	GlobalSection(ProjectConfigurationPlatforms) = postSolution
		{D1267625-A5BD-4C81-B98D-E6442311E6D5}.Debug|Any CPU.ActiveCfg = Debug|Any CPU
		{D1267625-A5BD-4C81-B98D-E6442311E6D5}.Debug|Any CPU.Build.0 = Debug|Any CPU
		{D1267625-A5BD-4C81-B98D-E6442311E6D5}.Release|Any CPU.ActiveCfg = Release|Any CPU
		{D1267625-A5BD-4C81-B98D-E6442311E6D5}.Release|Any CPU.Build.0 = Release|Any CPU
	EndGlobalSection
	GlobalSection(SolutionProperties) = preSolution
		HideSolutionNode = FALSE
	EndGlobalSection
	GlobalSection(ExtensibilityGlobals) = postSolution
		SolutionGuid = {41F1F307-5A19-495B-B48A-6DFDF9ED69F9}
	EndGlobalSection
EndGlobal
